
Microsoft Visual Studio Solution File, Format Version 12.00
# Visual Studio Version 17
VisualStudioVersion = 17.8.34330.188
MinimumVisualStudioVersion = 10.0.40219.1
Project("{FAE04EC0-301F-11D3-BF4B-00C04F79EFBC}") = "TopPlaces", "TopPlaces.csproj", "{F603D09E-2CC9-4601-BC87-783DA3861246}"
EndProject
Global
	GlobalSection(SolutionConfigurationPlatforms) = preSolution
		Debug|Any CPU = Debug|Any CPU
		Release|Any CPU = Release|Any CPU
	EndGlobalSection
	GlobalSection(ProjectConfigurationPlatforms) = postSolution
		{F603D09E-2CC9-4601-BC87-783DA3861246}.Debug|Any CPU.ActiveCfg = Debug|Any CPU
		{F603D09E-2CC9-4601-BC87-783DA3861246}.Debug|Any CPU.Build.0 = Debug|Any CPU
		{F603D09E-2CC9-4601-BC87-783DA3861246}.Release|Any CPU.ActiveCfg = Release|Any CPU
		{F603D09E-2CC9-4601-BC87-783DA3861246}.Release|Any CPU.Build.0 = Release|Any CPU
	EndGlobalSection
	GlobalSection(SolutionProperties) = preSolution
		HideSolutionNode = FALSE
	EndGlobalSection
	GlobalSection(ExtensibilityGlobals) = postSolution
		SolutionGuid = {FF26C9DA-4C63-4AC1-A37A-608811F1BCCE}
	EndGlobalSection
EndGlobal
